
Microsoft Visual Studio Solution File, Format Version 12.00
# Visual Studio Version 16
VisualStudioVersion = 16.0.28705.295
MinimumVisualStudioVersion = 15.0.26124.0
Project("{9A19103F-16F7-4668-BE54-9A1E7A4F7556}") = "Blazored.Localisation", "src\Blazored.Localisation\Blazored.Localisation.csproj", "{D72FBAA9-4395-4EA0-AC44-2F69A56F8AB3}"
EndProject
Project("{2150E333-8FDC-42A3-9474-1A3956D46DE8}") = "sample", "sample", "{C27C5151-5D31-4FB2-8023-4DB1902ADF5D}"
EndProject
Project("{9A19103F-16F7-4668-BE54-9A1E7A4F7556}") = "BlazorSample", "sample\BlazorSample\BlazorSample.csproj", "{EB56E281-BDAD-4CE0-9E57-58804357F541}"
EndProject
Global
	GlobalSection(SolutionConfigurationPlatforms) = preSolution
		Debug|Any CPU = Debug|Any CPU
		Debug|x64 = Debug|x64
		Debug|x86 = Debug|x86
		Release|Any CPU = Release|Any CPU
		Release|x64 = Release|x64
		Release|x86 = Release|x86
	EndGlobalSection
	GlobalSection(ProjectConfigurationPlatforms) = postSolution
		{D72FBAA9-4395-4EA0-AC44-2F69A56F8AB3}.Debug|Any CPU.ActiveCfg = Debug|Any CPU
		{D72FBAA9-4395-4EA0-AC44-2F69A56F8AB3}.Debug|Any CPU.Build.0 = Debug|Any CPU
		{D72FBAA9-4395-4EA0-AC44-2F69A56F8AB3}.Debug|x64.ActiveCfg = Debug|Any CPU
		{D72FBAA9-4395-4EA0-AC44-2F69A56F8AB3}.Debug|x64.Build.0 = Debug|Any CPU
		{D72FBAA9-4395-4EA0-AC44-2F69A56F8AB3}.Debug|x86.ActiveCfg = Debug|Any CPU
		{D72FBAA9-4395-4EA0-AC44-2F69A56F8AB3}.Debug|x86.Build.0 = Debug|Any CPU
		{D72FBAA9-4395-4EA0-AC44-2F69A56F8AB3}.Release|Any CPU.ActiveCfg = Release|Any CPU
		{D72FBAA9-4395-4EA0-AC44-2F69A56F8AB3}.Release|Any CPU.Build.0 = Release|Any CPU
		{D72FBAA9-4395-4EA0-AC44-2F69A56F8AB3}.Release|x64.ActiveCfg = Release|Any CPU
		{D72FBAA9-4395-4EA0-AC44-2F69A56F8AB3}.Release|x64.Build.0 = Release|Any CPU
		{D72FBAA9-4395-4EA0-AC44-2F69A56F8AB3}.Release|x86.ActiveCfg = Release|Any CPU
		{D72FBAA9-4395-4EA0-AC44-2F69A56F8AB3}.Release|x86.Build.0 = Release|Any CPU
		{EB56E281-BDAD-4CE0-9E57-58804357F541}.Debug|Any CPU.ActiveCfg = Debug|Any CPU
		{EB56E281-BDAD-4CE0-9E57-58804357F541}.Debug|Any CPU.Build.0 = Debug|Any CPU
		{EB56E281-BDAD-4CE0-9E57-58804357F541}.Debug|x64.ActiveCfg = Debug|Any CPU
		{EB56E281-BDAD-4CE0-9E57-58804357F541}.Debug|x64.Build.0 = Debug|Any CPU
		{EB56E281-BDAD-4CE0-9E57-58804357F541}.Debug|x86.ActiveCfg = Debug|Any CPU
		{EB56E281-BDAD-4CE0-9E57-58804357F541}.Debug|x86.Build.0 = Debug|Any CPU
		{EB56E281-BDAD-4CE0-9E57-58804357F541}.Release|Any CPU.ActiveCfg = Release|Any CPU
		{EB56E281-BDAD-4CE0-9E57-58804357F541}.Release|Any CPU.Build.0 = Release|Any CPU
		{EB56E281-BDAD-4CE0-9E57-58804357F541}.Release|x64.ActiveCfg = Release|Any CPU
		{EB56E281-BDAD-4CE0-9E57-58804357F541}.Release|x64.Build.0 = Release|Any CPU
		{EB56E281-BDAD-4CE0-9E57-58804357F541}.Release|x86.ActiveCfg = Release|Any CPU
		{EB56E281-BDAD-4CE0-9E57-58804357F541}.Release|x86.Build.0 = Release|Any CPU
	EndGlobalSection
	GlobalSection(SolutionProperties) = preSolution
		HideSolutionNode = FALSE
	EndGlobalSection
	GlobalSection(NestedProjects) = preSolution
		{EB56E281-BDAD-4CE0-9E57-58804357F541} = {C27C5151-5D31-4FB2-8023-4DB1902ADF5D}
	EndGlobalSection
	GlobalSection(ExtensibilityGlobals) = postSolution
		SolutionGuid = {DB66CEA4-2FAD-46A1-9804-F4905C210532}
	EndGlobalSection
EndGlobal
